
Microsoft Visual Studio Solution File, Format Version 12.00
# Visual Studio Version 16
VisualStudioVersion = 16.0.31410.357
MinimumVisualStudioVersion = 10.0.40219.1
Project("{FAE04EC0-301F-11D3-BF4B-00C04F79EFBC}") = "HomeWork_10_SKP", "HomeWork_10_SKP.csproj", "{F908CE2E-3EB1-48EC-B2DB-6F2C794CCD4D}"
EndProject
Global
	GlobalSection(SolutionConfigurationPlatforms) = preSolution
		Debug|Any CPU = Debug|Any CPU
		Release|Any CPU = Release|Any CPU
	EndGlobalSection
	GlobalSection(ProjectConfigurationPlatforms) = postSolution
		{F908CE2E-3EB1-48EC-B2DB-6F2C794CCD4D}.Debug|Any CPU.ActiveCfg = Debug|Any CPU
		{F908CE2E-3EB1-48EC-B2DB-6F2C794CCD4D}.Debug|Any CPU.Build.0 = Debug|Any CPU
		{F908CE2E-3EB1-48EC-B2DB-6F2C794CCD4D}.Release|Any CPU.ActiveCfg = Release|Any CPU
		{F908CE2E-3EB1-48EC-B2DB-6F2C794CCD4D}.Release|Any CPU.Build.0 = Release|Any CPU
	EndGlobalSection
	GlobalSection(SolutionProperties) = preSolution
		HideSolutionNode = FALSE
	EndGlobalSection
	GlobalSection(ExtensibilityGlobals) = postSolution
		SolutionGuid = {3ACF9281-9F60-4EBF-AA06-0A1B39410697}
	EndGlobalSection
EndGlobal
